
Microsoft Visual Studio Solution File, Format Version 12.00
# Visual Studio Version 16
VisualStudioVersion = 16.0.32106.194
MinimumVisualStudioVersion = 10.0.40219.1
Project("{FAE04EC0-301F-11D3-BF4B-00C04F79EFBC}") = "RoomCoordinates", "RoomCoordinates.csproj", "{FA82B82C-E01A-47C2-8F0E-5984C8719693}"
EndProject
Global
	GlobalSection(SolutionConfigurationPlatforms) = preSolution
		Debug|Any CPU = Debug|Any CPU
		Release|Any CPU = Release|Any CPU
	EndGlobalSection
	GlobalSection(ProjectConfigurationPlatforms) = postSolution
		{FA82B82C-E01A-47C2-8F0E-5984C8719693}.Debug|Any CPU.ActiveCfg = Debug|Any CPU
		{FA82B82C-E01A-47C2-8F0E-5984C8719693}.Debug|Any CPU.Build.0 = Debug|Any CPU
		{FA82B82C-E01A-47C2-8F0E-5984C8719693}.Release|Any CPU.ActiveCfg = Release|Any CPU
		{FA82B82C-E01A-47C2-8F0E-5984C8719693}.Release|Any CPU.Build.0 = Release|Any CPU
	EndGlobalSection
	GlobalSection(SolutionProperties) = preSolution
		HideSolutionNode = FALSE
	EndGlobalSection
	GlobalSection(ExtensibilityGlobals) = postSolution
		SolutionGuid = {22EC51AC-4E17-439C-8DC0-3E1E1F85CC97}
	EndGlobalSection
EndGlobal
